
Microsoft Visual Studio Solution File, Format Version 12.00
# Visual Studio Version 16
VisualStudioVersion = 16.0.31402.337
MinimumVisualStudioVersion = 10.0.40219.1
Project("{FAE04EC0-301F-11D3-BF4B-00C04F79EFBC}") = "SalesWebMvc", "SalesWebMvc\SalesWebMvc.csproj", "{9EB9DEBB-BA39-478D-B12F-9D063C7F9585}"
EndProject
Global
	GlobalSection(SolutionConfigurationPlatforms) = preSolution
		Debug|Any CPU = Debug|Any CPU
		Release|Any CPU = Release|Any CPU
	EndGlobalSection
	GlobalSection(ProjectConfigurationPlatforms) = postSolution
		{9EB9DEBB-BA39-478D-B12F-9D063C7F9585}.Debug|Any CPU.ActiveCfg = Debug|Any CPU
		{9EB9DEBB-BA39-478D-B12F-9D063C7F9585}.Debug|Any CPU.Build.0 = Debug|Any CPU
		{9EB9DEBB-BA39-478D-B12F-9D063C7F9585}.Release|Any CPU.ActiveCfg = Release|Any CPU
		{9EB9DEBB-BA39-478D-B12F-9D063C7F9585}.Release|Any CPU.Build.0 = Release|Any CPU
	EndGlobalSection
	GlobalSection(SolutionProperties) = preSolution
		HideSolutionNode = FALSE
	EndGlobalSection
	GlobalSection(ExtensibilityGlobals) = postSolution
		SolutionGuid = {2A5A67B5-FBA7-4981-A516-27DEB0FACE20}
	EndGlobalSection
EndGlobal
